
Microsoft Visual Studio Solution File, Format Version 11.00
# Visual Studio 2010
Project("{FAE04EC0-301F-11D3-BF4B-00C04F79EFBC}") = "DynamicProxy", "DynamicProxy\DynamicProxy.csproj", "{AC72F15A-FF3A-46C8-9A82-E78AEC09EA64}"
EndProject
Project("{FAE04EC0-301F-11D3-BF4B-00C04F79EFBC}") = "DynamicProxy.Tests", "DynamicProxy.Tests\DynamicProxy.Tests.csproj", "{C998297C-A7DD-4683-B6FE-16D66E96C605}"
EndProject
Project("{FAE04EC0-301F-11D3-BF4B-00C04F79EFBC}") = "FluentIL", "..\..\..\src\FluentIL\FluentIL.csproj", "{3A793F01-7299-44F8-9BAF-0BACC23F4021}"
EndProject
Project("{FAE04EC0-301F-11D3-BF4B-00C04F79EFBC}") = "DynamicProxy.Demo", "DynamicProxy.Demo\DynamicProxy.Demo.csproj", "{DA1B439C-1E5C-429F-9189-C1707DAB45FE}"
EndProject
Global
	GlobalSection(SolutionConfigurationPlatforms) = preSolution
		Debug|Any CPU = Debug|Any CPU
		Debug|Mixed Platforms = Debug|Mixed Platforms
		Debug|x86 = Debug|x86
		Release|Any CPU = Release|Any CPU
		Release|Mixed Platforms = Release|Mixed Platforms
		Release|x86 = Release|x86
	EndGlobalSection
	GlobalSection(ProjectConfigurationPlatforms) = postSolution
		{AC72F15A-FF3A-46C8-9A82-E78AEC09EA64}.Debug|Any CPU.ActiveCfg = Debug|Any CPU
		{AC72F15A-FF3A-46C8-9A82-E78AEC09EA64}.Debug|Any CPU.Build.0 = Debug|Any CPU
		{AC72F15A-FF3A-46C8-9A82-E78AEC09EA64}.Debug|Mixed Platforms.ActiveCfg = Debug|Any CPU
		{AC72F15A-FF3A-46C8-9A82-E78AEC09EA64}.Debug|Mixed Platforms.Build.0 = Debug|Any CPU
		{AC72F15A-FF3A-46C8-9A82-E78AEC09EA64}.Debug|x86.ActiveCfg = Debug|Any CPU
		{AC72F15A-FF3A-46C8-9A82-E78AEC09EA64}.Release|Any CPU.ActiveCfg = Release|Any CPU
		{AC72F15A-FF3A-46C8-9A82-E78AEC09EA64}.Release|Any CPU.Build.0 = Release|Any CPU
		{AC72F15A-FF3A-46C8-9A82-E78AEC09EA64}.Release|Mixed Platforms.ActiveCfg = Release|Any CPU
		{AC72F15A-FF3A-46C8-9A82-E78AEC09EA64}.Release|Mixed Platforms.Build.0 = Release|Any CPU
		{AC72F15A-FF3A-46C8-9A82-E78AEC09EA64}.Release|x86.ActiveCfg = Release|Any CPU
		{C998297C-A7DD-4683-B6FE-16D66E96C605}.Debug|Any CPU.ActiveCfg = Debug|Any CPU
		{C998297C-A7DD-4683-B6FE-16D66E96C605}.Debug|Any CPU.Build.0 = Debug|Any CPU
		{C998297C-A7DD-4683-B6FE-16D66E96C605}.Debug|Mixed Platforms.ActiveCfg = Debug|Any CPU
		{C998297C-A7DD-4683-B6FE-16D66E96C605}.Debug|Mixed Platforms.Build.0 = Debug|Any CPU
		{C998297C-A7DD-4683-B6FE-16D66E96C605}.Debug|x86.ActiveCfg = Debug|Any CPU
		{C998297C-A7DD-4683-B6FE-16D66E96C605}.Release|Any CPU.ActiveCfg = Release|Any CPU
		{C998297C-A7DD-4683-B6FE-16D66E96C605}.Release|Any CPU.Build.0 = Release|Any CPU
		{C998297C-A7DD-4683-B6FE-16D66E96C605}.Release|Mixed Platforms.ActiveCfg = Release|Any CPU
		{C998297C-A7DD-4683-B6FE-16D66E96C605}.Release|Mixed Platforms.Build.0 = Release|Any CPU
		{C998297C-A7DD-4683-B6FE-16D66E96C605}.Release|x86.ActiveCfg = Release|Any CPU
		{3A793F01-7299-44F8-9BAF-0BACC23F4021}.Debug|Any CPU.ActiveCfg = Debug|Any CPU
		{3A793F01-7299-44F8-9BAF-0BACC23F4021}.Debug|Any CPU.Build.0 = Debug|Any CPU
		{3A793F01-7299-44F8-9BAF-0BACC23F4021}.Debug|Mixed Platforms.ActiveCfg = Debug|Any CPU
		{3A793F01-7299-44F8-9BAF-0BACC23F4021}.Debug|Mixed Platforms.Build.0 = Debug|Any CPU
		{3A793F01-7299-44F8-9BAF-0BACC23F4021}.Debug|x86.ActiveCfg = Debug|Any CPU
		{3A793F01-7299-44F8-9BAF-0BACC23F4021}.Release|Any CPU.ActiveCfg = Release|Any CPU
		{3A793F01-7299-44F8-9BAF-0BACC23F4021}.Release|Any CPU.Build.0 = Release|Any CPU
		{3A793F01-7299-44F8-9BAF-0BACC23F4021}.Release|Mixed Platforms.ActiveCfg = Release|Any CPU
		{3A793F01-7299-44F8-9BAF-0BACC23F4021}.Release|Mixed Platforms.Build.0 = Release|Any CPU
		{3A793F01-7299-44F8-9BAF-0BACC23F4021}.Release|x86.ActiveCfg = Release|Any CPU
		{DA1B439C-1E5C-429F-9189-C1707DAB45FE}.Debug|Any CPU.ActiveCfg = Debug|x86
		{DA1B439C-1E5C-429F-9189-C1707DAB45FE}.Debug|Mixed Platforms.ActiveCfg = Debug|x86
		{DA1B439C-1E5C-429F-9189-C1707DAB45FE}.Debug|Mixed Platforms.Build.0 = Debug|x86
		{DA1B439C-1E5C-429F-9189-C1707DAB45FE}.Debug|x86.ActiveCfg = Debug|x86
		{DA1B439C-1E5C-429F-9189-C1707DAB45FE}.Debug|x86.Build.0 = Debug|x86
		{DA1B439C-1E5C-429F-9189-C1707DAB45FE}.Release|Any CPU.ActiveCfg = Release|x86
		{DA1B439C-1E5C-429F-9189-C1707DAB45FE}.Release|Mixed Platforms.ActiveCfg = Release|x86
		{DA1B439C-1E5C-429F-9189-C1707DAB45FE}.Release|Mixed Platforms.Build.0 = Release|x86
		{DA1B439C-1E5C-429F-9189-C1707DAB45FE}.Release|x86.ActiveCfg = Release|x86
		{DA1B439C-1E5C-429F-9189-C1707DAB45FE}.Release|x86.Build.0 = Release|x86
	EndGlobalSection
	GlobalSection(SolutionProperties) = preSolution
		HideSolutionNode = FALSE
	EndGlobalSection
EndGlobal
