
Microsoft Visual Studio Solution File, Format Version 11.00
# Visual Studio 2010
Project("{FAE04EC0-301F-11D3-BF4B-00C04F79EFBC}") = "ImageProcessing", "ImageProcessing.csproj", "{264C606D-EBF7-4F7C-B1FF-1D7CFFC5078C}"
EndProject
Project("{FAE04EC0-301F-11D3-BF4B-00C04F79EFBC}") = "FluentIL", "..\..\..\..\src\FluentIL\FluentIL.csproj", "{3A793F01-7299-44F8-9BAF-0BACC23F4021}"
EndProject
Global
	GlobalSection(SolutionConfigurationPlatforms) = preSolution
		Debug|Any CPU = Debug|Any CPU
		Debug|Mixed Platforms = Debug|Mixed Platforms
		Debug|x86 = Debug|x86
		Release|Any CPU = Release|Any CPU
		Release|Mixed Platforms = Release|Mixed Platforms
		Release|x86 = Release|x86
	EndGlobalSection
	GlobalSection(ProjectConfigurationPlatforms) = postSolution
		{264C606D-EBF7-4F7C-B1FF-1D7CFFC5078C}.Debug|Any CPU.ActiveCfg = Debug|x86
		{264C606D-EBF7-4F7C-B1FF-1D7CFFC5078C}.Debug|Mixed Platforms.ActiveCfg = Debug|x86
		{264C606D-EBF7-4F7C-B1FF-1D7CFFC5078C}.Debug|Mixed Platforms.Build.0 = Debug|x86
		{264C606D-EBF7-4F7C-B1FF-1D7CFFC5078C}.Debug|x86.ActiveCfg = Debug|x86
		{264C606D-EBF7-4F7C-B1FF-1D7CFFC5078C}.Debug|x86.Build.0 = Debug|x86
		{264C606D-EBF7-4F7C-B1FF-1D7CFFC5078C}.Release|Any CPU.ActiveCfg = Release|x86
		{264C606D-EBF7-4F7C-B1FF-1D7CFFC5078C}.Release|Mixed Platforms.ActiveCfg = Release|x86
		{264C606D-EBF7-4F7C-B1FF-1D7CFFC5078C}.Release|Mixed Platforms.Build.0 = Release|x86
		{264C606D-EBF7-4F7C-B1FF-1D7CFFC5078C}.Release|x86.ActiveCfg = Release|x86
		{264C606D-EBF7-4F7C-B1FF-1D7CFFC5078C}.Release|x86.Build.0 = Release|x86
		{3A793F01-7299-44F8-9BAF-0BACC23F4021}.Debug|Any CPU.ActiveCfg = Debug|Any CPU
		{3A793F01-7299-44F8-9BAF-0BACC23F4021}.Debug|Any CPU.Build.0 = Debug|Any CPU
		{3A793F01-7299-44F8-9BAF-0BACC23F4021}.Debug|Mixed Platforms.ActiveCfg = Debug|Any CPU
		{3A793F01-7299-44F8-9BAF-0BACC23F4021}.Debug|Mixed Platforms.Build.0 = Debug|Any CPU
		{3A793F01-7299-44F8-9BAF-0BACC23F4021}.Debug|x86.ActiveCfg = Debug|Any CPU
		{3A793F01-7299-44F8-9BAF-0BACC23F4021}.Release|Any CPU.ActiveCfg = Release|Any CPU
		{3A793F01-7299-44F8-9BAF-0BACC23F4021}.Release|Any CPU.Build.0 = Release|Any CPU
		{3A793F01-7299-44F8-9BAF-0BACC23F4021}.Release|Mixed Platforms.ActiveCfg = Release|Any CPU
		{3A793F01-7299-44F8-9BAF-0BACC23F4021}.Release|Mixed Platforms.Build.0 = Release|Any CPU
		{3A793F01-7299-44F8-9BAF-0BACC23F4021}.Release|x86.ActiveCfg = Release|Any CPU
	EndGlobalSection
	GlobalSection(SolutionProperties) = preSolution
		HideSolutionNode = FALSE
	EndGlobalSection
EndGlobal
