
Microsoft Visual Studio Solution File, Format Version 11.00
# Visual Studio 2010
Project("{FAE04EC0-301F-11D3-BF4B-00C04F79EFBC}") = "Cloning", "Cloning\Cloning.csproj", "{67112CE9-7454-4B25-A663-3ECAAFDBFA74}"
EndProject
Project("{FAE04EC0-301F-11D3-BF4B-00C04F79EFBC}") = "FluentIL", "..\..\..\..\src\FluentIL\FluentIL.csproj", "{3A793F01-7299-44F8-9BAF-0BACC23F4021}"
EndProject
Project("{FAE04EC0-301F-11D3-BF4B-00C04F79EFBC}") = "Cloning.Tests", "Cloning.Tests\Cloning.Tests.csproj", "{D0F700A5-A4F1-4051-B764-9C5C3DDBE4E7}"
EndProject
Project("{FAE04EC0-301F-11D3-BF4B-00C04F79EFBC}") = "CloningConsole", "CloningConsole\CloningConsole.csproj", "{A08BD476-B966-44AC-AFCE-870539CFEFBA}"
EndProject
Global
	GlobalSection(SolutionConfigurationPlatforms) = preSolution
		Debug|Any CPU = Debug|Any CPU
		Debug|Mixed Platforms = Debug|Mixed Platforms
		Debug|x86 = Debug|x86
		Release|Any CPU = Release|Any CPU
		Release|Mixed Platforms = Release|Mixed Platforms
		Release|x86 = Release|x86
	EndGlobalSection
	GlobalSection(ProjectConfigurationPlatforms) = postSolution
		{67112CE9-7454-4B25-A663-3ECAAFDBFA74}.Debug|Any CPU.ActiveCfg = Debug|Any CPU
		{67112CE9-7454-4B25-A663-3ECAAFDBFA74}.Debug|Any CPU.Build.0 = Debug|Any CPU
		{67112CE9-7454-4B25-A663-3ECAAFDBFA74}.Debug|Mixed Platforms.ActiveCfg = Debug|Any CPU
		{67112CE9-7454-4B25-A663-3ECAAFDBFA74}.Debug|Mixed Platforms.Build.0 = Debug|Any CPU
		{67112CE9-7454-4B25-A663-3ECAAFDBFA74}.Debug|x86.ActiveCfg = Debug|Any CPU
		{67112CE9-7454-4B25-A663-3ECAAFDBFA74}.Release|Any CPU.ActiveCfg = Release|Any CPU
		{67112CE9-7454-4B25-A663-3ECAAFDBFA74}.Release|Any CPU.Build.0 = Release|Any CPU
		{67112CE9-7454-4B25-A663-3ECAAFDBFA74}.Release|Mixed Platforms.ActiveCfg = Release|Any CPU
		{67112CE9-7454-4B25-A663-3ECAAFDBFA74}.Release|Mixed Platforms.Build.0 = Release|Any CPU
		{67112CE9-7454-4B25-A663-3ECAAFDBFA74}.Release|x86.ActiveCfg = Release|Any CPU
		{3A793F01-7299-44F8-9BAF-0BACC23F4021}.Debug|Any CPU.ActiveCfg = Debug|Any CPU
		{3A793F01-7299-44F8-9BAF-0BACC23F4021}.Debug|Any CPU.Build.0 = Debug|Any CPU
		{3A793F01-7299-44F8-9BAF-0BACC23F4021}.Debug|Mixed Platforms.ActiveCfg = Debug|Any CPU
		{3A793F01-7299-44F8-9BAF-0BACC23F4021}.Debug|Mixed Platforms.Build.0 = Debug|Any CPU
		{3A793F01-7299-44F8-9BAF-0BACC23F4021}.Debug|x86.ActiveCfg = Debug|Any CPU
		{3A793F01-7299-44F8-9BAF-0BACC23F4021}.Release|Any CPU.ActiveCfg = Release|Any CPU
		{3A793F01-7299-44F8-9BAF-0BACC23F4021}.Release|Any CPU.Build.0 = Release|Any CPU
		{3A793F01-7299-44F8-9BAF-0BACC23F4021}.Release|Mixed Platforms.ActiveCfg = Release|Any CPU
		{3A793F01-7299-44F8-9BAF-0BACC23F4021}.Release|Mixed Platforms.Build.0 = Release|Any CPU
		{3A793F01-7299-44F8-9BAF-0BACC23F4021}.Release|x86.ActiveCfg = Release|Any CPU
		{D0F700A5-A4F1-4051-B764-9C5C3DDBE4E7}.Debug|Any CPU.ActiveCfg = Debug|Any CPU
		{D0F700A5-A4F1-4051-B764-9C5C3DDBE4E7}.Debug|Any CPU.Build.0 = Debug|Any CPU
		{D0F700A5-A4F1-4051-B764-9C5C3DDBE4E7}.Debug|Mixed Platforms.ActiveCfg = Debug|Any CPU
		{D0F700A5-A4F1-4051-B764-9C5C3DDBE4E7}.Debug|Mixed Platforms.Build.0 = Debug|Any CPU
		{D0F700A5-A4F1-4051-B764-9C5C3DDBE4E7}.Debug|x86.ActiveCfg = Debug|Any CPU
		{D0F700A5-A4F1-4051-B764-9C5C3DDBE4E7}.Release|Any CPU.ActiveCfg = Release|Any CPU
		{D0F700A5-A4F1-4051-B764-9C5C3DDBE4E7}.Release|Any CPU.Build.0 = Release|Any CPU
		{D0F700A5-A4F1-4051-B764-9C5C3DDBE4E7}.Release|Mixed Platforms.ActiveCfg = Release|Any CPU
		{D0F700A5-A4F1-4051-B764-9C5C3DDBE4E7}.Release|Mixed Platforms.Build.0 = Release|Any CPU
		{D0F700A5-A4F1-4051-B764-9C5C3DDBE4E7}.Release|x86.ActiveCfg = Release|Any CPU
		{A08BD476-B966-44AC-AFCE-870539CFEFBA}.Debug|Any CPU.ActiveCfg = Debug|x86
		{A08BD476-B966-44AC-AFCE-870539CFEFBA}.Debug|Mixed Platforms.ActiveCfg = Debug|x86
		{A08BD476-B966-44AC-AFCE-870539CFEFBA}.Debug|Mixed Platforms.Build.0 = Debug|x86
		{A08BD476-B966-44AC-AFCE-870539CFEFBA}.Debug|x86.ActiveCfg = Debug|x86
		{A08BD476-B966-44AC-AFCE-870539CFEFBA}.Debug|x86.Build.0 = Debug|x86
		{A08BD476-B966-44AC-AFCE-870539CFEFBA}.Release|Any CPU.ActiveCfg = Release|x86
		{A08BD476-B966-44AC-AFCE-870539CFEFBA}.Release|Mixed Platforms.ActiveCfg = Release|x86
		{A08BD476-B966-44AC-AFCE-870539CFEFBA}.Release|Mixed Platforms.Build.0 = Release|x86
		{A08BD476-B966-44AC-AFCE-870539CFEFBA}.Release|x86.ActiveCfg = Release|x86
		{A08BD476-B966-44AC-AFCE-870539CFEFBA}.Release|x86.Build.0 = Release|x86
	EndGlobalSection
	GlobalSection(SolutionProperties) = preSolution
		HideSolutionNode = FALSE
	EndGlobalSection
EndGlobal
